
Microsoft Visual Studio Solution File, Format Version 12.00
# Visual Studio Version 17
VisualStudioVersion = 17.7.34031.279
MinimumVisualStudioVersion = 10.0.40219.1
Project("{FAE04EC0-301F-11D3-BF4B-00C04F79EFBC}") = "assignment1", "assignment1\assignment1.csproj", "{4853AB24-8416-462A-B1D1-217A82235AB8}"
EndProject
Global
	GlobalSection(SolutionConfigurationPlatforms) = preSolution
		Debug|Any CPU = Debug|Any CPU
		Release|Any CPU = Release|Any CPU
	EndGlobalSection
	GlobalSection(ProjectConfigurationPlatforms) = postSolution
		{4853AB24-8416-462A-B1D1-217A82235AB8}.Debug|Any CPU.ActiveCfg = Debug|Any CPU
		{4853AB24-8416-462A-B1D1-217A82235AB8}.Debug|Any CPU.Build.0 = Debug|Any CPU
		{4853AB24-8416-462A-B1D1-217A82235AB8}.Release|Any CPU.ActiveCfg = Release|Any CPU
		{4853AB24-8416-462A-B1D1-217A82235AB8}.Release|Any CPU.Build.0 = Release|Any CPU
	EndGlobalSection
	GlobalSection(SolutionProperties) = preSolution
		HideSolutionNode = FALSE
	EndGlobalSection
	GlobalSection(ExtensibilityGlobals) = postSolution
		SolutionGuid = {E635C937-86F2-4AC3-A565-6C8E772A175F}
	EndGlobalSection
EndGlobal
